# Curated dependency closure lockfile (02 Task 17 Step 4).
# Generated by scripts/build-fixture-plugin.mts — do not edit by hand.
# Regenerate: pnpm exec tsx scripts/build-fixture-plugin.mts
# @deepseek-ai/dsh-tools is a peerDependency provided by the host DSH
# distribution, so the installable closure is empty.
schemaVersion: 1
package:
  name: whalepod-fixed-time
  version: 0.1.0
dependencies: []
